
Microsoft Visual Studio Solution File, Format Version 12.00
# Visual Studio Version 16
VisualStudioVersion = 16.0.34931.43
MinimumVisualStudioVersion = 10.0.40219.1
Project("{FAE04EC0-301F-11D3-BF4B-00C04F79EFBC}") = "prac37.4", "prac37.4.csproj", "{AB383DB0-7641-4D6E-ABE2-2AB8D194F12B}"
EndProject
Global
	GlobalSection(SolutionConfigurationPlatforms) = preSolution
		Debug|Any CPU = Debug|Any CPU
		Release|Any CPU = Release|Any CPU
	EndGlobalSection
	GlobalSection(ProjectConfigurationPlatforms) = postSolution
		{AB383DB0-7641-4D6E-ABE2-2AB8D194F12B}.Debug|Any CPU.ActiveCfg = Debug|Any CPU
		{AB383DB0-7641-4D6E-ABE2-2AB8D194F12B}.Debug|Any CPU.Build.0 = Debug|Any CPU
		{AB383DB0-7641-4D6E-ABE2-2AB8D194F12B}.Release|Any CPU.ActiveCfg = Release|Any CPU
		{AB383DB0-7641-4D6E-ABE2-2AB8D194F12B}.Release|Any CPU.Build.0 = Release|Any CPU
	EndGlobalSection
	GlobalSection(SolutionProperties) = preSolution
		HideSolutionNode = FALSE
	EndGlobalSection
	GlobalSection(ExtensibilityGlobals) = postSolution
		SolutionGuid = {2B8C3F0A-7A64-4233-89D0-413C742E76C0}
	EndGlobalSection
EndGlobal
