
Microsoft Visual Studio Solution File, Format Version 12.00
# Visual Studio Version 16
VisualStudioVersion = 16.0.34931.43
MinimumVisualStudioVersion = 10.0.40219.1
Project("{FAE04EC0-301F-11D3-BF4B-00C04F79EFBC}") = "prac37.3", "prac37.3.csproj", "{F46D496A-1BC3-4CCB-9D28-9B8344BC0569}"
EndProject
Global
	GlobalSection(SolutionConfigurationPlatforms) = preSolution
		Debug|Any CPU = Debug|Any CPU
		Release|Any CPU = Release|Any CPU
	EndGlobalSection
	GlobalSection(ProjectConfigurationPlatforms) = postSolution
		{F46D496A-1BC3-4CCB-9D28-9B8344BC0569}.Debug|Any CPU.ActiveCfg = Debug|Any CPU
		{F46D496A-1BC3-4CCB-9D28-9B8344BC0569}.Debug|Any CPU.Build.0 = Debug|Any CPU
		{F46D496A-1BC3-4CCB-9D28-9B8344BC0569}.Release|Any CPU.ActiveCfg = Release|Any CPU
		{F46D496A-1BC3-4CCB-9D28-9B8344BC0569}.Release|Any CPU.Build.0 = Release|Any CPU
	EndGlobalSection
	GlobalSection(SolutionProperties) = preSolution
		HideSolutionNode = FALSE
	EndGlobalSection
	GlobalSection(ExtensibilityGlobals) = postSolution
		SolutionGuid = {84AF63A3-C90B-473E-B71A-AE9D634B4CFE}
	EndGlobalSection
EndGlobal
