
Microsoft Visual Studio Solution File, Format Version 12.00
# Visual Studio Version 16
VisualStudioVersion = 16.0.34931.43
MinimumVisualStudioVersion = 10.0.40219.1
Project("{FAE04EC0-301F-11D3-BF4B-00C04F79EFBC}") = "prac37", "prac37.csproj", "{D20FC566-39ED-4A25-B9C4-A4EFC73CFF6D}"
EndProject
Global
	GlobalSection(SolutionConfigurationPlatforms) = preSolution
		Debug|Any CPU = Debug|Any CPU
		Release|Any CPU = Release|Any CPU
	EndGlobalSection
	GlobalSection(ProjectConfigurationPlatforms) = postSolution
		{D20FC566-39ED-4A25-B9C4-A4EFC73CFF6D}.Debug|Any CPU.ActiveCfg = Debug|Any CPU
		{D20FC566-39ED-4A25-B9C4-A4EFC73CFF6D}.Debug|Any CPU.Build.0 = Debug|Any CPU
		{D20FC566-39ED-4A25-B9C4-A4EFC73CFF6D}.Release|Any CPU.ActiveCfg = Release|Any CPU
		{D20FC566-39ED-4A25-B9C4-A4EFC73CFF6D}.Release|Any CPU.Build.0 = Release|Any CPU
	EndGlobalSection
	GlobalSection(SolutionProperties) = preSolution
		HideSolutionNode = FALSE
	EndGlobalSection
	GlobalSection(ExtensibilityGlobals) = postSolution
		SolutionGuid = {6426E576-9389-4C45-A180-D21A3D75E329}
	EndGlobalSection
EndGlobal
